
Microsoft Visual Studio Solution File, Format Version 12.00
# Visual Studio Version 17
VisualStudioVersion = 17.5.002.0
MinimumVisualStudioVersion = 10.0.40219.1
Project("{9A19103F-16F7-4668-BE54-9A1E7A4F7556}") = "TrilhaApiDesafio", "TrilhaApiDesafio.csproj", "{DBFFAF6E-5F62-4BB5-A3ED-DF3BC72A7701}"
EndProject
Global
	GlobalSection(SolutionConfigurationPlatforms) = preSolution
		Debug|Any CPU = Debug|Any CPU
		Release|Any CPU = Release|Any CPU
	EndGlobalSection
	GlobalSection(ProjectConfigurationPlatforms) = postSolution
		{DBFFAF6E-5F62-4BB5-A3ED-DF3BC72A7701}.Debug|Any CPU.ActiveCfg = Debug|Any CPU
		{DBFFAF6E-5F62-4BB5-A3ED-DF3BC72A7701}.Debug|Any CPU.Build.0 = Debug|Any CPU
		{DBFFAF6E-5F62-4BB5-A3ED-DF3BC72A7701}.Release|Any CPU.ActiveCfg = Release|Any CPU
		{DBFFAF6E-5F62-4BB5-A3ED-DF3BC72A7701}.Release|Any CPU.Build.0 = Release|Any CPU
	EndGlobalSection
	GlobalSection(SolutionProperties) = preSolution
		HideSolutionNode = FALSE
	EndGlobalSection
	GlobalSection(ExtensibilityGlobals) = postSolution
		SolutionGuid = {31F6AA04-30E4-4F9D-B446-66AD11213A6C}
	EndGlobalSection
EndGlobal
